
Microsoft Visual Studio Solution File, Format Version 12.00
# Visual Studio Version 16
VisualStudioVersion = 16.0.32106.194
MinimumVisualStudioVersion = 10.0.40219.1
Project("{FAE04EC0-301F-11D3-BF4B-00C04F79EFBC}") = "CSharpOOP-(16.09.2022)", "CSharpOOP-(16.09.2022)\CSharpOOP-(16.09.2022).csproj", "{334B66C6-1304-48D5-9364-1F4E8CB25D13}"
EndProject
Global
	GlobalSection(SolutionConfigurationPlatforms) = preSolution
		Debug|Any CPU = Debug|Any CPU
		Release|Any CPU = Release|Any CPU
	EndGlobalSection
	GlobalSection(ProjectConfigurationPlatforms) = postSolution
		{334B66C6-1304-48D5-9364-1F4E8CB25D13}.Debug|Any CPU.ActiveCfg = Debug|Any CPU
		{334B66C6-1304-48D5-9364-1F4E8CB25D13}.Debug|Any CPU.Build.0 = Debug|Any CPU
		{334B66C6-1304-48D5-9364-1F4E8CB25D13}.Release|Any CPU.ActiveCfg = Release|Any CPU
		{334B66C6-1304-48D5-9364-1F4E8CB25D13}.Release|Any CPU.Build.0 = Release|Any CPU
	EndGlobalSection
	GlobalSection(SolutionProperties) = preSolution
		HideSolutionNode = FALSE
	EndGlobalSection
	GlobalSection(ExtensibilityGlobals) = postSolution
		SolutionGuid = {D5F3DFB4-B163-4FAC-B64C-E05410D828FA}
	EndGlobalSection
EndGlobal
